
Microsoft Visual Studio Solution File, Format Version 12.00
# Visual Studio Version 17
VisualStudioVersion = 17.0.31903.59
MinimumVisualStudioVersion = 10.0.40219.1
Project("{FAE04EC0-301F-11D3-BF4B-00C04F79EFBC}") = "Shared", "Shared\Shared.csproj", "{F299F560-8304-439A-B197-3B53FDBBE317}"
EndProject
Project("{FAE04EC0-301F-11D3-BF4B-00C04F79EFBC}") = "BackEnd", "BackEnd\BackEnd.csproj", "{FFA32E51-667A-4C95-B75F-A41C46C14F6B}"
EndProject
Project("{FAE04EC0-301F-11D3-BF4B-00C04F79EFBC}") = "FrontEnd", "FrontEnd\FrontEnd.csproj", "{4F299AD7-02DA-49C1-91E6-4B3F5B0B99F2}"
EndProject
Global
	GlobalSection(SolutionConfigurationPlatforms) = preSolution
		Debug|Any CPU = Debug|Any CPU
		Release|Any CPU = Release|Any CPU
	EndGlobalSection
	GlobalSection(SolutionProperties) = preSolution
		HideSolutionNode = FALSE
	EndGlobalSection
	GlobalSection(ProjectConfigurationPlatforms) = postSolution
		{F299F560-8304-439A-B197-3B53FDBBE317}.Debug|Any CPU.ActiveCfg = Debug|Any CPU
		{F299F560-8304-439A-B197-3B53FDBBE317}.Debug|Any CPU.Build.0 = Debug|Any CPU
		{F299F560-8304-439A-B197-3B53FDBBE317}.Release|Any CPU.ActiveCfg = Release|Any CPU
		{F299F560-8304-439A-B197-3B53FDBBE317}.Release|Any CPU.Build.0 = Release|Any CPU
		{FFA32E51-667A-4C95-B75F-A41C46C14F6B}.Debug|Any CPU.ActiveCfg = Debug|Any CPU
		{FFA32E51-667A-4C95-B75F-A41C46C14F6B}.Debug|Any CPU.Build.0 = Debug|Any CPU
		{FFA32E51-667A-4C95-B75F-A41C46C14F6B}.Release|Any CPU.ActiveCfg = Release|Any CPU
		{FFA32E51-667A-4C95-B75F-A41C46C14F6B}.Release|Any CPU.Build.0 = Release|Any CPU
		{4F299AD7-02DA-49C1-91E6-4B3F5B0B99F2}.Debug|Any CPU.ActiveCfg = Debug|Any CPU
		{4F299AD7-02DA-49C1-91E6-4B3F5B0B99F2}.Debug|Any CPU.Build.0 = Debug|Any CPU
		{4F299AD7-02DA-49C1-91E6-4B3F5B0B99F2}.Release|Any CPU.ActiveCfg = Release|Any CPU
		{4F299AD7-02DA-49C1-91E6-4B3F5B0B99F2}.Release|Any CPU.Build.0 = Release|Any CPU
	EndGlobalSection
EndGlobal
